// !$*UTF8*$!
{
	archiveVersion = 1;
	classes = {
	};
	objectVersion = 46;
	objects = {

/* Begin PBXBuildFile section */
		4619BA241A69F71400EC634F /* DetailViewController.m in Sources */ = {isa = PBXBuildFile; fileRef = 4619BA221A69F71400EC634F /* DetailViewController.m */; };
		4619BA251A69F71400EC634F /* DetailViewController.xib in Resources */ = {isa = PBXBuildFile; fileRef = 4619BA231A69F71400EC634F /* DetailViewController.xib */; };
		461AEB831A738A6C00E73B16 /* BNRImageStore.m in Sources */ = {isa = PBXBuildFile; fileRef = 461AEB821A738A6C00E73B16 /* BNRImageStore.m */; };
		461AEB861A7396FD00E73B16 /* OverLayView.m in Sources */ = {isa = PBXBuildFile; fileRef = 461AEB851A7396FD00E73B16 /* OverLayView.m */; };
		463EBC6D1A65231C009C758D /* Foundation.framework in Frameworks */ = {isa = PBXBuildFile; fileRef = 463EBC6C1A65231C009C758D /* Foundation.framework */; };
		463EBC6F1A65231C009C758D /* CoreGraphics.framework in Frameworks */ = {isa = PBXBuildFile; fileRef = 463EBC6E1A65231C009C758D /* CoreGraphics.framework */; };
		463EBC711A65231C009C758D /* UIKit.framework in Frameworks */ = {isa = PBXBuildFile; fileRef = 463EBC701A65231C009C758D /* UIKit.framework */; };
		463EBC771A65231C009C758D /* InfoPlist.strings in Resources */ = {isa = PBXBuildFile; fileRef = 463EBC751A65231C009C758D /* InfoPlist.strings */; };
		463EBC791A65231C009C758D /* main.m in Sources */ = {isa = PBXBuildFile; fileRef = 463EBC781A65231C009C758D /* main.m */; };
		463EBC7D1A65231C009C758D /* HomeAppDelegate.m in Sources */ = {isa = PBXBuildFile; fileRef = 463EBC7C1A65231C009C758D /* HomeAppDelegate.m */; };
		463EBC7F1A65231C009C758D /* Images.xcassets in Resources */ = {isa = PBXBuildFile; fileRef = 463EBC7E1A65231C009C758D /* Images.xcassets */; };
		463EBC861A65231C009C758D /* XCTest.framework in Frameworks */ = {isa = PBXBuildFile; fileRef = 463EBC851A65231C009C758D /* XCTest.framework */; };
		463EBC871A65231C009C758D /* Foundation.framework in Frameworks */ = {isa = PBXBuildFile; fileRef = 463EBC6C1A65231C009C758D /* Foundation.framework */; };
		463EBC881A65231C009C758D /* UIKit.framework in Frameworks */ = {isa = PBXBuildFile; fileRef = 463EBC701A65231C009C758D /* UIKit.framework */; };
		463EBC901A65231C009C758D /* InfoPlist.strings in Resources */ = {isa = PBXBuildFile; fileRef = 463EBC8E1A65231C009C758D /* InfoPlist.strings */; };
		463EBC921A65231C009C758D /* HomepwnerTests.m in Sources */ = {isa = PBXBuildFile; fileRef = 463EBC911A65231C009C758D /* HomepwnerTests.m */; };
		463EBC9D1A6523D1009C758D /* ItemTableViewController.m in Sources */ = {isa = PBXBuildFile; fileRef = 463EBC9C1A6523D1009C758D /* ItemTableViewController.m */; };
		463EBCA01A652653009C758D /* BNRItem.m in Sources */ = {isa = PBXBuildFile; fileRef = 463EBC9F1A652653009C758D /* BNRItem.m */; };
		463EBCA31A6528C2009C758D /* BNRItemStore.m in Sources */ = {isa = PBXBuildFile; fileRef = 463EBCA21A6528C2009C758D /* BNRItemStore.m */; };
/* End PBXBuildFile section */

/* Begin PBXContainerItemProxy section */
		463EBC891A65231C009C758D /* PBXContainerItemProxy */ = {
			isa = PBXContainerItemProxy;
			containerPortal = 463EBC611A65231C009C758D /* Project object */;
			proxyType = 1;
			remoteGlobalIDString = 463EBC681A65231C009C758D;
			remoteInfo = Homepwner;
		};
/* End PBXContainerItemProxy section */

/* Begin PBXFileReference section */
		4619BA211A69F71400EC634F /* DetailViewController.h */ = {isa = PBXFileReference; fileEncoding = 4; lastKnownFileType = sourcecode.c.h; path = DetailViewController.h; sourceTree = SOURCE_ROOT; };
		4619BA221A69F71400EC634F /* DetailViewController.m */ = {isa = PBXFileReference; fileEncoding = 4; lastKnownFileType = sourcecode.c.objc; path = DetailViewController.m; sourceTree = SOURCE_ROOT; };
		4619BA231A69F71400EC634F /* DetailViewController.xib */ = {isa = PBXFileReference; fileEncoding = 4; lastKnownFileType = file.xib; path = DetailViewController.xib; sourceTree = SOURCE_ROOT; };
		461AEB811A738A6C00E73B16 /* BNRImageStore.h */ = {isa = PBXFileReference; fileEncoding = 4; lastKnownFileType = sourcecode.c.h; path = BNRImageStore.h; sourceTree = "<group>"; };
		461AEB821A738A6C00E73B16 /* BNRImageStore.m */ = {isa = PBXFileReference; fileEncoding = 4; lastKnownFileType = sourcecode.c.objc; path = BNRImageStore.m; sourceTree = "<group>"; };
		461AEB841A7396FD00E73B16 /* OverLayView.h */ = {isa = PBXFileReference; fileEncoding = 4; lastKnownFileType = sourcecode.c.h; name = OverLayView.h; path = ../OverLayView.h; sourceTree = "<group>"; };
		461AEB851A7396FD00E73B16 /* OverLayView.m */ = {isa = PBXFileReference; fileEncoding = 4; lastKnownFileType = sourcecode.c.objc; name = OverLayView.m; path = ../OverLayView.m; sourceTree = "<group>"; };
		463EBC691A65231C009C758D /* Homepwner.app */ = {isa = PBXFileReference; explicitFileType = wrapper.application; includeInIndex = 0; path = Homepwner.app; sourceTree = BUILT_PRODUCTS_DIR; };
		463EBC6C1A65231C009C758D /* Foundation.framework */ = {isa = PBXFileReference; lastKnownFileType = wrapper.framework; name = Foundation.framework; path = System/Library/Frameworks/Foundation.framework; sourceTree = SDKROOT; };
		463EBC6E1A65231C009C758D /* CoreGraphics.framework */ = {isa = PBXFileReference; lastKnownFileType = wrapper.framework; name = CoreGraphics.framework; path = System/Library/Frameworks/CoreGraphics.framework; sourceTree = SDKROOT; };
		463EBC701A65231C009C758D /* UIKit.framework */ = {isa = PBXFileReference; lastKnownFileType = wrapper.framework; name = UIKit.framework; path = System/Library/Frameworks/UIKit.framework; sourceTree = SDKROOT; };
		463EBC741A65231C009C758D /* Homepwner-Info.plist */ = {isa = PBXFileReference; lastKnownFileType = text.plist.xml; path = "Homepwner-Info.plist"; sourceTree = "<group>"; };
		463EBC761A65231C009C758D /* en */ = {isa = PBXFileReference; lastKnownFileType = text.plist.strings; name = en; path = en.lproj/InfoPlist.strings; sourceTree = "<group>"; };
		463EBC781A65231C009C758D /* main.m */ = {isa = PBXFileReference; lastKnownFileType = sourcecode.c.objc; path = main.m; sourceTree = "<group>"; };
		463EBC7A1A65231C009C758D /* Homepwner-Prefix.pch */ = {isa = PBXFileReference; lastKnownFileType = sourcecode.c.h; path = "Homepwner-Prefix.pch"; sourceTree = "<group>"; };
		463EBC7B1A65231C009C758D /* HomeAppDelegate.h */ = {isa = PBXFileReference; lastKnownFileType = sourcecode.c.h; path = HomeAppDelegate.h; sourceTree = "<group>"; };
		463EBC7C1A65231C009C758D /* HomeAppDelegate.m */ = {isa = PBXFileReference; lastKnownFileType = sourcecode.c.objc; path = HomeAppDelegate.m; sourceTree = "<group>"; };
		463EBC7E1A65231C009C758D /* Images.xcassets */ = {isa = PBXFileReference; lastKnownFileType = folder.assetcatalog; path = Images.xcassets; sourceTree = "<group>"; };
		463EBC841A65231C009C758D /* HomepwnerTests.xctest */ = {isa = PBXFileReference; explicitFileType = wrapper.cfbundle; includeInIndex = 0; path = HomepwnerTests.xctest; sourceTree = BUILT_PRODUCTS_DIR; };
		463EBC851A65231C009C758D /* XCTest.framework */ = {isa = PBXFileReference; lastKnownFileType = wrapper.framework; name = XCTest.framework; path = Library/Frameworks/XCTest.framework; sourceTree = DEVELOPER_DIR; };
		463EBC8D1A65231C009C758D /* HomepwnerTests-Info.plist */ = {isa = PBXFileReference; lastKnownFileType = text.plist.xml; path = "HomepwnerTests-Info.plist"; sourceTree = "<group>"; };
		463EBC8F1A65231C009C758D /* en */ = {isa = PBXFileReference; lastKnownFileType = text.plist.strings; name = en; path = en.lproj/InfoPlist.strings; sourceTree = "<group>"; };
		463EBC911A65231C009C758D /* HomepwnerTests.m */ = {isa = PBXFileReference; lastKnownFileType = sourcecode.c.objc; path = HomepwnerTests.m; sourceTree = "<group>"; };
		463EBC9B1A6523D1009C758D /* ItemTableViewController.h */ = {isa = PBXFileReference; fileEncoding = 4; lastKnownFileType = sourcecode.c.h; path = ItemTableViewController.h; sourceTree = "<group>"; };
		463EBC9C1A6523D1009C758D /* ItemTableViewController.m */ = {isa = PBXFileReference; fileEncoding = 4; lastKnownFileType = sourcecode.c.objc; path = ItemTableViewController.m; sourceTree = "<group>"; };
		463EBC9E1A652653009C758D /* BNRItem.h */ = {isa = PBXFileReference; fileEncoding = 4; lastKnownFileType = sourcecode.c.h; path = BNRItem.h; sourceTree = "<group>"; };
		463EBC9F1A652653009C758D /* BNRItem.m */ = {isa = PBXFileReference; fileEncoding = 4; lastKnownFileType = sourcecode.c.objc; path = BNRItem.m; sourceTree = "<group>"; };
		463EBCA11A6528C2009C758D /* BNRItemStore.h */ = {isa = PBXFileReference; fileEncoding = 4; lastKnownFileType = sourcecode.c.h; path = BNRItemStore.h; sourceTree = "<group>"; };
		463EBCA21A6528C2009C758D /* BNRItemStore.m */ = {isa = PBXFileReference; fileEncoding = 4; lastKnownFileType = sourcecode.c.objc; path = BNRItemStore.m; sourceTree = "<group>"; };
/* End PBXFileReference section */

/* Begin PBXFrameworksBuildPhase section */
		463EBC661A65231C009C758D /* Frameworks */ = {
			isa = PBXFrameworksBuildPhase;
			buildActionMask = 2147483647;
			files = (
				463EBC6F1A65231C009C758D /* CoreGraphics.framework in Frameworks */,
				463EBC711A65231C009C758D /* UIKit.framework in Frameworks */,
				463EBC6D1A65231C009C758D /* Foundation.framework in Frameworks */,
			);
			runOnlyForDeploymentPostprocessing = 0;
		};
		463EBC811A65231C009C758D /* Frameworks */ = {
			isa = PBXFrameworksBuildPhase;
			buildActionMask = 2147483647;
			files = (
				463EBC861A65231C009C758D /* XCTest.framework in Frameworks */,
				463EBC881A65231C009C758D /* UIKit.framework in Frameworks */,
				463EBC871A65231C009C758D /* Foundation.framework in Frameworks */,
			);
			runOnlyForDeploymentPostprocessing = 0;
		};
/* End PBXFrameworksBuildPhase section */

/* Begin PBXGroup section */
		463EBC601A65231C009C758D = {
			isa = PBXGroup;
			children = (
				463EBC721A65231C009C758D /* Homepwner */,
				463EBC8B1A65231C009C758D /* HomepwnerTests */,
				463EBC6B1A65231C009C758D /* Frameworks */,
				463EBC6A1A65231C009C758D /* Products */,
			);
			sourceTree = "<group>";
		};
		463EBC6A1A65231C009C758D /* Products */ = {
			isa = PBXGroup;
			children = (
				463EBC691A65231C009C758D /* Homepwner.app */,
				463EBC841A65231C009C758D /* HomepwnerTests.xctest */,
			);
			name = Products;
			sourceTree = "<group>";
		};
		463EBC6B1A65231C009C758D /* Frameworks */ = {
			isa = PBXGroup;
			children = (
				463EBC6C1A65231C009C758D /* Foundation.framework */,
				463EBC6E1A65231C009C758D /* CoreGraphics.framework */,
				463EBC701A65231C009C758D /* UIKit.framework */,
				463EBC851A65231C009C758D /* XCTest.framework */,
			);
			name = Frameworks;
			sourceTree = "<group>";
		};
		463EBC721A65231C009C758D /* Homepwner */ = {
			isa = PBXGroup;
			children = (
				461AEB841A7396FD00E73B16 /* OverLayView.h */,
				461AEB851A7396FD00E73B16 /* OverLayView.m */,
				463EBC7B1A65231C009C758D /* HomeAppDelegate.h */,
				463EBC7C1A65231C009C758D /* HomeAppDelegate.m */,
				463EBC9E1A652653009C758D /* BNRItem.h */,
				463EBC9F1A652653009C758D /* BNRItem.m */,
				463EBC9B1A6523D1009C758D /* ItemTableViewController.h */,
				463EBC9C1A6523D1009C758D /* ItemTableViewController.m */,
				463EBCA11A6528C2009C758D /* BNRItemStore.h */,
				463EBCA21A6528C2009C758D /* BNRItemStore.m */,
				4619BA211A69F71400EC634F /* DetailViewController.h */,
				4619BA221A69F71400EC634F /* DetailViewController.m */,
				4619BA231A69F71400EC634F /* DetailViewController.xib */,
				461AEB811A738A6C00E73B16 /* BNRImageStore.h */,
				461AEB821A738A6C00E73B16 /* BNRImageStore.m */,
				463EBC731A65231C009C758D /* Supporting Files */,
			);
			path = Homepwner;
			sourceTree = "<group>";
		};
		463EBC731A65231C009C758D /* Supporting Files */ = {
			isa = PBXGroup;
			children = (
				463EBC7E1A65231C009C758D /* Images.xcassets */,
				463EBC741A65231C009C758D /* Homepwner-Info.plist */,
				463EBC751A65231C009C758D /* InfoPlist.strings */,
				463EBC781A65231C009C758D /* main.m */,
				463EBC7A1A65231C009C758D /* Homepwner-Prefix.pch */,
			);
			name = "Supporting Files";
			sourceTree = "<group>";
		};
		463EBC8B1A65231C009C758D /* HomepwnerTests */ = {
			isa = PBXGroup;
			children = (
				463EBC911A65231C009C758D /* HomepwnerTests.m */,
				463EBC8C1A65231C009C758D /* Supporting Files */,
			);
			path = HomepwnerTests;
			sourceTree = "<group>";
		};
		463EBC8C1A65231C009C758D /* Supporting Files */ = {
			isa = PBXGroup;
			children = (
				463EBC8D1A65231C009C758D /* HomepwnerTests-Info.plist */,
				463EBC8E1A65231C009C758D /* InfoPlist.strings */,
			);
			name = "Supporting Files";
			sourceTree = "<group>";
		};
/* End PBXGroup section */

/* Begin PBXNativeTarget section */
		463EBC681A65231C009C758D /* Homepwner */ = {
			isa = PBXNativeTarget;
			buildConfigurationList = 463EBC951A65231C009C758D /* Build configuration list for PBXNativeTarget "Homepwner" */;
			buildPhases = (
				463EBC651A65231C009C758D /* Sources */,
				463EBC661A65231C009C758D /* Frameworks */,
				463EBC671A65231C009C758D /* Resources */,
			);
			buildRules = (
			);
			dependencies = (
			);
			name = Homepwner;
			productName = Homepwner;
			productReference = 463EBC691A65231C009C758D /* Homepwner.app */;
			productType = "com.apple.product-type.application";
		};
		463EBC831A65231C009C758D /* HomepwnerTests */ = {
			isa = PBXNativeTarget;
			buildConfigurationList = 463EBC981A65231C009C758D /* Build configuration list for PBXNativeTarget "HomepwnerTests" */;
			buildPhases = (
				463EBC801A65231C009C758D /* Sources */,
				463EBC811A65231C009C758D /* Frameworks */,
				463EBC821A65231C009C758D /* Resources */,
			);
			buildRules = (
			);
			dependencies = (
				463EBC8A1A65231C009C758D /* PBXTargetDependency */,
			);
			name = HomepwnerTests;
			productName = HomepwnerTests;
			productReference = 463EBC841A65231C009C758D /* HomepwnerTests.xctest */;
			productType = "com.apple.product-type.bundle.unit-test";
		};
/* End PBXNativeTarget section */

/* Begin PBXProject section */
		463EBC611A65231C009C758D /* Project object */ = {
			isa = PBXProject;
			attributes = {
				CLASSPREFIX = Home;
				LastUpgradeCheck = 0510;
				ORGANIZATIONNAME = cn.com.tiros;
				TargetAttributes = {
					463EBC831A65231C009C758D = {
						TestTargetID = 463EBC681A65231C009C758D;
					};
				};
			};
			buildConfigurationList = 463EBC641A65231C009C758D /* Build configuration list for PBXProject "Homepwner" */;
			compatibilityVersion = "Xcode 3.2";
			developmentRegion = English;
			hasScannedForEncodings = 0;
			knownRegions = (
				en,
			);
			mainGroup = 463EBC601A65231C009C758D;
			productRefGroup = 463EBC6A1A65231C009C758D /* Products */;
			projectDirPath = "";
			projectRoot = "";
			targets = (
				463EBC681A65231C009C758D /* Homepwner */,
				463EBC831A65231C009C758D /* HomepwnerTests */,
			);
		};
/* End PBXProject section */

/* Begin PBXResourcesBuildPhase section */
		463EBC671A65231C009C758D /* Resources */ = {
			isa = PBXResourcesBuildPhase;
			buildActionMask = 2147483647;
			files = (
				463EBC771A65231C009C758D /* InfoPlist.strings in Resources */,
				4619BA251A69F71400EC634F /* DetailViewController.xib in Resources */,
				463EBC7F1A65231C009C758D /* Images.xcassets in Resources */,
			);
			runOnlyForDeploymentPostprocessing = 0;
		};
		463EBC821A65231C009C758D /* Resources */ = {
			isa = PBXResourcesBuildPhase;
			buildActionMask = 2147483647;
			files = (
				463EBC901A65231C009C758D /* InfoPlist.strings in Resources */,
			);
			runOnlyForDeploymentPostprocessing = 0;
		};
/* End PBXResourcesBuildPhase section */

/* Begin PBXSourcesBuildPhase section */
		463EBC651A65231C009C758D /* Sources */ = {
			isa = PBXSourcesBuildPhase;
			buildActionMask = 2147483647;
			files = (
				463EBCA31A6528C2009C758D /* BNRItemStore.m in Sources */,
				463EBC791A65231C009C758D /* main.m in Sources */,
				461AEB831A738A6C00E73B16 /* BNRImageStore.m in Sources */,
				463EBCA01A652653009C758D /* BNRItem.m in Sources */,
				463EBC9D1A6523D1009C758D /* ItemTableViewController.m in Sources */,
				461AEB861A7396FD00E73B16 /* OverLayView.m in Sources */,
				463EBC7D1A65231C009C758D /* HomeAppDelegate.m in Sources */,
				4619BA241A69F71400EC634F /* DetailViewController.m in Sources */,
			);
			runOnlyForDeploymentPostprocessing = 0;
		};
		463EBC801A65231C009C758D /* Sources */ = {
			isa = PBXSourcesBuildPhase;
			buildActionMask = 2147483647;
			files = (
				463EBC921A65231C009C758D /* HomepwnerTests.m in Sources */,
			);
			runOnlyForDeploymentPostprocessing = 0;
		};
/* End PBXSourcesBuildPhase section */

/* Begin PBXTargetDependency section */
		463EBC8A1A65231C009C758D /* PBXTargetDependency */ = {
			isa = PBXTargetDependency;
			target = 463EBC681A65231C009C758D /* Homepwner */;
			targetProxy = 463EBC891A65231C009C758D /* PBXContainerItemProxy */;
		};
/* End PBXTargetDependency section */

/* Begin PBXVariantGroup section */
		463EBC751A65231C009C758D /* InfoPlist.strings */ = {
			isa = PBXVariantGroup;
			children = (
				463EBC761A65231C009C758D /* en */,
			);
			name = InfoPlist.strings;
			sourceTree = "<group>";
		};
		463EBC8E1A65231C009C758D /* InfoPlist.strings */ = {
			isa = PBXVariantGroup;
			children = (
				463EBC8F1A65231C009C758D /* en */,
			);
			name = InfoPlist.strings;
			sourceTree = "<group>";
		};
/* End PBXVariantGroup section */

/* Begin XCBuildConfiguration section */
		463EBC931A65231C009C758D /* Debug */ = {
			isa = XCBuildConfiguration;
			buildSettings = {
				ALWAYS_SEARCH_USER_PATHS = NO;
				CLANG_CXX_LANGUAGE_STANDARD = "gnu++0x";
				CLANG_CXX_LIBRARY = "libc++";
				CLANG_ENABLE_MODULES = YES;
				CLANG_ENABLE_OBJC_ARC = YES;
				CLANG_WARN_BOOL_CONVERSION = YES;
				CLANG_WARN_CONSTANT_CONVERSION = YES;
				CLANG_WARN_DIRECT_OBJC_ISA_USAGE = YES_ERROR;
				CLANG_WARN_EMPTY_BODY = YES;
				CLANG_WARN_ENUM_CONVERSION = YES;
				CLANG_WARN_INT_CONVERSION = YES;
				CLANG_WARN_OBJC_ROOT_CLASS = YES_ERROR;
				CLANG_WARN__DUPLICATE_METHOD_MATCH = YES;
				"CODE_SIGN_IDENTITY[sdk=iphoneos*]" = "iPhone Developer";
				COPY_PHASE_STRIP = NO;
				GCC_C_LANGUAGE_STANDARD = gnu99;
				GCC_DYNAMIC_NO_PIC = NO;
				GCC_OPTIMIZATION_LEVEL = 0;
				GCC_PREPROCESSOR_DEFINITIONS = (
					"DEBUG=1",
					"$(inherited)",
				);
				GCC_SYMBOLS_PRIVATE_EXTERN = NO;
				GCC_WARN_64_TO_32_BIT_CONVERSION = YES;
				GCC_WARN_ABOUT_RETURN_TYPE = YES_ERROR;
				GCC_WARN_UNDECLARED_SELECTOR = YES;
				GCC_WARN_UNINITIALIZED_AUTOS = YES_AGGRESSIVE;
				GCC_WARN_UNUSED_FUNCTION = YES;
				GCC_WARN_UNUSED_VARIABLE = YES;
				IPHONEOS_DEPLOYMENT_TARGET = 7.1;
				ONLY_ACTIVE_ARCH = YES;
				SDKROOT = iphoneos;
			};
			name = Debug;
		};
		463EBC941A65231C009C758D /* Release */ = {
			isa = XCBuildConfiguration;
			buildSettings = {
				ALWAYS_SEARCH_USER_PATHS = NO;
				CLANG_CXX_LANGUAGE_STANDARD = "gnu++0x";
				CLANG_CXX_LIBRARY = "libc++";
				CLANG_ENABLE_MODULES = YES;
				CLANG_ENABLE_OBJC_ARC = YES;
				CLANG_WARN_BOOL_CONVERSION = YES;
				CLANG_WARN_CONSTANT_CONVERSION = YES;
				CLANG_WARN_DIRECT_OBJC_ISA_USAGE = YES_ERROR;
				CLANG_WARN_EMPTY_BODY = YES;
				CLANG_WARN_ENUM_CONVERSION = YES;
				CLANG_WARN_INT_CONVERSION = YES;
				CLANG_WARN_OBJC_ROOT_CLASS = YES_ERROR;
				CLANG_WARN__DUPLICATE_METHOD_MATCH = YES;
				"CODE_SIGN_IDENTITY[sdk=iphoneos*]" = "iPhone Developer";
				COPY_PHASE_STRIP = YES;
				ENABLE_NS_ASSERTIONS = NO;
				GCC_C_LANGUAGE_STANDARD = gnu99;
				GCC_WARN_64_TO_32_BIT_CONVERSION = YES;
				GCC_WARN_ABOUT_RETURN_TYPE = YES_ERROR;
				GCC_WARN_UNDECLARED_SELECTOR = YES;
				GCC_WARN_UNINITIALIZED_AUTOS = YES_AGGRESSIVE;
				GCC_WARN_UNUSED_FUNCTION = YES;
				GCC_WARN_UNUSED_VARIABLE = YES;
				IPHONEOS_DEPLOYMENT_TARGET = 7.1;
				SDKROOT = iphoneos;
				VALIDATE_PRODUCT = YES;
			};
			name = Release;
		};
		463EBC961A65231C009C758D /* Debug */ = {
			isa = XCBuildConfiguration;
			buildSettings = {
				ASSETCATALOG_COMPILER_APPICON_NAME = AppIcon;
				ASSETCATALOG_COMPILER_LAUNCHIMAGE_NAME = LaunchImage;
				GCC_PRECOMPILE_PREFIX_HEADER = YES;
				GCC_PREFIX_HEADER = "Homepwner/Homepwner-Prefix.pch";
				INFOPLIST_FILE = "Homepwner/Homepwner-Info.plist";
				PRODUCT_NAME = "$(TARGET_NAME)";
				WRAPPER_EXTENSION = app;
			};
			name = Debug;
		};
		463EBC971A65231C009C758D /* Release */ = {
			isa = XCBuildConfiguration;
			buildSettings = {
				ASSETCATALOG_COMPILER_APPICON_NAME = AppIcon;
				ASSETCATALOG_COMPILER_LAUNCHIMAGE_NAME = LaunchImage;
				GCC_PRECOMPILE_PREFIX_HEADER = YES;
				GCC_PREFIX_HEADER = "Homepwner/Homepwner-Prefix.pch";
				INFOPLIST_FILE = "Homepwner/Homepwner-Info.plist";
				PRODUCT_NAME = "$(TARGET_NAME)";
				WRAPPER_EXTENSION = app;
			};
			name = Release;
		};
		463EBC991A65231C009C758D /* Debug */ = {
			isa = XCBuildConfiguration;
			buildSettings = {
				BUNDLE_LOADER = "$(BUILT_PRODUCTS_DIR)/Homepwner.app/Homepwner";
				FRAMEWORK_SEARCH_PATHS = (
					"$(SDKROOT)/Developer/Library/Frameworks",
					"$(inherited)",
					"$(DEVELOPER_FRAMEWORKS_DIR)",
				);
				GCC_PRECOMPILE_PREFIX_HEADER = YES;
				GCC_PREFIX_HEADER = "Homepwner/Homepwner-Prefix.pch";
				GCC_PREPROCESSOR_DEFINITIONS = (
					"DEBUG=1",
					"$(inherited)",
				);
				INFOPLIST_FILE = "HomepwnerTests/HomepwnerTests-Info.plist";
				PRODUCT_NAME = "$(TARGET_NAME)";
				TEST_HOST = "$(BUNDLE_LOADER)";
				WRAPPER_EXTENSION = xctest;
			};
			name = Debug;
		};
		463EBC9A1A65231C009C758D /* Release */ = {
			isa = XCBuildConfiguration;
			buildSettings = {
				BUNDLE_LOADER = "$(BUILT_PRODUCTS_DIR)/Homepwner.app/Homepwner";
				FRAMEWORK_SEARCH_PATHS = (
					"$(SDKROOT)/Developer/Library/Frameworks",
					"$(inherited)",
					"$(DEVELOPER_FRAMEWORKS_DIR)",
				);
				GCC_PRECOMPILE_PREFIX_HEADER = YES;
				GCC_PREFIX_HEADER = "Homepwner/Homepwner-Prefix.pch";
				INFOPLIST_FILE = "HomepwnerTests/HomepwnerTests-Info.plist";
				PRODUCT_NAME = "$(TARGET_NAME)";
				TEST_HOST = "$(BUNDLE_LOADER)";
				WRAPPER_EXTENSION = xctest;
			};
			name = Release;
		};
/* End XCBuildConfiguration section */

/* Begin XCConfigurationList section */
		463EBC641A65231C009C758D /* Build configuration list for PBXProject "Homepwner" */ = {
			isa = XCConfigurationList;
			buildConfigurations = (
				463EBC931A65231C009C758D /* Debug */,
				463EBC941A65231C009C758D /* Release */,
			);
			defaultConfigurationIsVisible = 0;
			defaultConfigurationName = Release;
		};
		463EBC951A65231C009C758D /* Build configuration list for PBXNativeTarget "Homepwner" */ = {
			isa = XCConfigurationList;
			buildConfigurations = (
				463EBC961A65231C009C758D /* Debug */,
				463EBC971A65231C009C758D /* Release */,
			);
			defaultConfigurationIsVisible = 0;
			defaultConfigurationName = Release;
		};
		463EBC981A65231C009C758D /* Build configuration list for PBXNativeTarget "HomepwnerTests" */ = {
			isa = XCConfigurationList;
			buildConfigurations = (
				463EBC991A65231C009C758D /* Debug */,
				463EBC9A1A65231C009C758D /* Release */,
			);
			defaultConfigurationIsVisible = 0;
			defaultConfigurationName = Release;
		};
/* End XCConfigurationList section */
	};
	rootObject = 463EBC611A65231C009C758D /* Project object */;
}
